
Microsoft Visual Studio Solution File, Format Version 12.00
# Visual Studio Version 17
VisualStudioVersion = 17.8.34309.116
MinimumVisualStudioVersion = 10.0.40219.1
Project("{FAE04EC0-301F-11D3-BF4B-00C04F79EFBC}") = "assignment_new", "assignment_new\assignment_new.csproj", "{1807D8AE-83EB-447A-BED4-5E97236BACDA}"
EndProject
Global
	GlobalSection(SolutionConfigurationPlatforms) = preSolution
		Debug|Any CPU = Debug|Any CPU
		Release|Any CPU = Release|Any CPU
	EndGlobalSection
	GlobalSection(ProjectConfigurationPlatforms) = postSolution
		{1807D8AE-83EB-447A-BED4-5E97236BACDA}.Debug|Any CPU.ActiveCfg = Debug|Any CPU
		{1807D8AE-83EB-447A-BED4-5E97236BACDA}.Debug|Any CPU.Build.0 = Debug|Any CPU
		{1807D8AE-83EB-447A-BED4-5E97236BACDA}.Release|Any CPU.ActiveCfg = Release|Any CPU
		{1807D8AE-83EB-447A-BED4-5E97236BACDA}.Release|Any CPU.Build.0 = Release|Any CPU
	EndGlobalSection
	GlobalSection(SolutionProperties) = preSolution
		HideSolutionNode = FALSE
	EndGlobalSection
	GlobalSection(ExtensibilityGlobals) = postSolution
		SolutionGuid = {3DDBC201-A2A1-4DDC-987C-83FC752777A8}
	EndGlobalSection
EndGlobal
